
Microsoft Visual Studio Solution File, Format Version 12.00
# Visual Studio 15
VisualStudioVersion = 15.0.26228.9
MinimumVisualStudioVersion = 10.0.40219.1
Project("{FAE04EC0-301F-11D3-BF4B-00C04F79EFBC}") = "PersonalClinic", "PersonalClinic\PersonalClinic.csproj", "{25F4BBDC-433D-4917-AE59-B2506C2D24EB}"
EndProject
Global
	GlobalSection(SolutionConfigurationPlatforms) = preSolution
		Debug|Any CPU = Debug|Any CPU
		Release|Any CPU = Release|Any CPU
	EndGlobalSection
	GlobalSection(ProjectConfigurationPlatforms) = postSolution
		{25F4BBDC-433D-4917-AE59-B2506C2D24EB}.Debug|Any CPU.ActiveCfg = Debug|Any CPU
		{25F4BBDC-433D-4917-AE59-B2506C2D24EB}.Debug|Any CPU.Build.0 = Debug|Any CPU
		{25F4BBDC-433D-4917-AE59-B2506C2D24EB}.Release|Any CPU.ActiveCfg = Release|Any CPU
		{25F4BBDC-433D-4917-AE59-B2506C2D24EB}.Release|Any CPU.Build.0 = Release|Any CPU
	EndGlobalSection
	GlobalSection(SolutionProperties) = preSolution
		HideSolutionNode = FALSE
	EndGlobalSection
EndGlobal
